
Microsoft Visual Studio Solution File, Format Version 12.00
# Visual Studio Version 17
VisualStudioVersion = 17.10.35027.167
MinimumVisualStudioVersion = 10.0.40219.1
Project("{FAE04EC0-301F-11D3-BF4B-00C04F79EFBC}") = "Stack", "Stack.csproj", "{FA82FAAE-F8FF-430A-AC26-90583FF95047}"
EndProject
Global
	GlobalSection(SolutionConfigurationPlatforms) = preSolution
		Debug|Any CPU = Debug|Any CPU
		Release|Any CPU = Release|Any CPU
	EndGlobalSection
	GlobalSection(ProjectConfigurationPlatforms) = postSolution
		{FA82FAAE-F8FF-430A-AC26-90583FF95047}.Debug|Any CPU.ActiveCfg = Debug|Any CPU
		{FA82FAAE-F8FF-430A-AC26-90583FF95047}.Debug|Any CPU.Build.0 = Debug|Any CPU
		{FA82FAAE-F8FF-430A-AC26-90583FF95047}.Release|Any CPU.ActiveCfg = Release|Any CPU
		{FA82FAAE-F8FF-430A-AC26-90583FF95047}.Release|Any CPU.Build.0 = Release|Any CPU
	EndGlobalSection
	GlobalSection(SolutionProperties) = preSolution
		HideSolutionNode = FALSE
	EndGlobalSection
	GlobalSection(ExtensibilityGlobals) = postSolution
		SolutionGuid = {FFA086F4-F941-4D15-BA13-D451EE236528}
	EndGlobalSection
EndGlobal
